// !$*UTF8*$!
{
	archiveVersion = 1;
	classes = {
	};
	objectVersion = 50;
	objects = {

/* Begin PBXBuildFile section */
		B75EAA91215929D900CAD97B /* AppDelegate.swift in Sources */ = {isa = PBXBuildFile; fileRef = B75EAA90215929D900CAD97B /* AppDelegate.swift */; };
		B75EAA93215929D900CAD97B /* CameraVC.swift in Sources */ = {isa = PBXBuildFile; fileRef = B75EAA92215929D900CAD97B /* CameraVC.swift */; };
		B75EAA96215929D900CAD97B /* Main.storyboard in Resources */ = {isa = PBXBuildFile; fileRef = B75EAA94215929D900CAD97B /* Main.storyboard */; };
		B75EAA98215929DD00CAD97B /* Assets.xcassets in Resources */ = {isa = PBXBuildFile; fileRef = B75EAA97215929DD00CAD97B /* Assets.xcassets */; };
		B75EAA9B215929DD00CAD97B /* LaunchScreen.storyboard in Resources */ = {isa = PBXBuildFile; fileRef = B75EAA99215929DD00CAD97B /* LaunchScreen.storyboard */; };
		B75EAAA621592D3500CAD97B /* RoundedShadowView.swift in Sources */ = {isa = PBXBuildFile; fileRef = B75EAAA521592D3500CAD97B /* RoundedShadowView.swift */; };
		B75EAAA821592F0100CAD97B /* RoundedShadowButton.swift in Sources */ = {isa = PBXBuildFile; fileRef = B75EAAA721592F0100CAD97B /* RoundedShadowButton.swift */; };
		B75EAAAA21592F3200CAD97B /* RoundedShadowImageView.swift in Sources */ = {isa = PBXBuildFile; fileRef = B75EAAA921592F3200CAD97B /* RoundedShadowImageView.swift */; };
		B75EAAAD2159392C00CAD97B /* SqueezeNet.mlmodel in Sources */ = {isa = PBXBuildFile; fileRef = B75EAAAC2159392C00CAD97B /* SqueezeNet.mlmodel */; };
/* End PBXBuildFile section */

/* Begin PBXFileReference section */
		B75EAA8D215929D900CAD97B /* VisionApp.app */ = {isa = PBXFileReference; explicitFileType = wrapper.application; includeInIndex = 0; path = VisionApp.app; sourceTree = BUILT_PRODUCTS_DIR; };
		B75EAA90215929D900CAD97B /* AppDelegate.swift */ = {isa = PBXFileReference; lastKnownFileType = sourcecode.swift; path = AppDelegate.swift; sourceTree = "<group>"; };
		B75EAA92215929D900CAD97B /* CameraVC.swift */ = {isa = PBXFileReference; lastKnownFileType = sourcecode.swift; path = CameraVC.swift; sourceTree = "<group>"; };
		B75EAA95215929D900CAD97B /* Base */ = {isa = PBXFileReference; lastKnownFileType = file.storyboard; name = Base; path = Base.lproj/Main.storyboard; sourceTree = "<group>"; };
		B75EAA97215929DD00CAD97B /* Assets.xcassets */ = {isa = PBXFileReference; lastKnownFileType = folder.assetcatalog; path = Assets.xcassets; sourceTree = "<group>"; };
		B75EAA9A215929DD00CAD97B /* Base */ = {isa = PBXFileReference; lastKnownFileType = file.storyboard; name = Base; path = Base.lproj/LaunchScreen.storyboard; sourceTree = "<group>"; };
		B75EAA9C215929DD00CAD97B /* Info.plist */ = {isa = PBXFileReference; lastKnownFileType = text.plist.xml; path = Info.plist; sourceTree = "<group>"; };
		B75EAAA521592D3500CAD97B /* RoundedShadowView.swift */ = {isa = PBXFileReference; lastKnownFileType = sourcecode.swift; path = RoundedShadowView.swift; sourceTree = "<group>"; };
		B75EAAA721592F0100CAD97B /* RoundedShadowButton.swift */ = {isa = PBXFileReference; lastKnownFileType = sourcecode.swift; path = RoundedShadowButton.swift; sourceTree = "<group>"; };
		B75EAAA921592F3200CAD97B /* RoundedShadowImageView.swift */ = {isa = PBXFileReference; lastKnownFileType = sourcecode.swift; path = RoundedShadowImageView.swift; sourceTree = "<group>"; };
		B75EAAAC2159392C00CAD97B /* SqueezeNet.mlmodel */ = {isa = PBXFileReference; lastKnownFileType = file.mlmodel; path = SqueezeNet.mlmodel; sourceTree = "<group>"; };
/* End PBXFileReference section */

/* Begin PBXFrameworksBuildPhase section */
		B75EAA8A215929D900CAD97B /* Frameworks */ = {
			isa = PBXFrameworksBuildPhase;
			buildActionMask = 2147483647;
			files = (
			);
			runOnlyForDeploymentPostprocessing = 0;
		};
/* End PBXFrameworksBuildPhase section */

/* Begin PBXGroup section */
		B75EAA84215929D900CAD97B = {
			isa = PBXGroup;
			children = (
				B75EAA8F215929D900CAD97B /* VisionApp */,
				B75EAA8E215929D900CAD97B /* Products */,
			);
			sourceTree = "<group>";
		};
		B75EAA8E215929D900CAD97B /* Products */ = {
			isa = PBXGroup;
			children = (
				B75EAA8D215929D900CAD97B /* VisionApp.app */,
			);
			name = Products;
			sourceTree = "<group>";
		};
		B75EAA8F215929D900CAD97B /* VisionApp */ = {
			isa = PBXGroup;
			children = (
				B75EAAAB2159392000CAD97B /* ML */,
				B75EAAA321592A1600CAD97B /* View */,
				B75EAAA221592A0F00CAD97B /* Controller */,
				B75EAA90215929D900CAD97B /* AppDelegate.swift */,
				B75EAA94215929D900CAD97B /* Main.storyboard */,
				B75EAA97215929DD00CAD97B /* Assets.xcassets */,
				B75EAA99215929DD00CAD97B /* LaunchScreen.storyboard */,
				B75EAA9C215929DD00CAD97B /* Info.plist */,
			);
			path = VisionApp;
			sourceTree = "<group>";
		};
		B75EAAA221592A0F00CAD97B /* Controller */ = {
			isa = PBXGroup;
			children = (
				B75EAA92215929D900CAD97B /* CameraVC.swift */,
			);
			path = Controller;
			sourceTree = "<group>";
		};
		B75EAAA321592A1600CAD97B /* View */ = {
			isa = PBXGroup;
			children = (
				B75EAAA521592D3500CAD97B /* RoundedShadowView.swift */,
				B75EAAA721592F0100CAD97B /* RoundedShadowButton.swift */,
				B75EAAA921592F3200CAD97B /* RoundedShadowImageView.swift */,
			);
			path = View;
			sourceTree = "<group>";
		};
		B75EAAAB2159392000CAD97B /* ML */ = {
			isa = PBXGroup;
			children = (
				B75EAAAC2159392C00CAD97B /* SqueezeNet.mlmodel */,
			);
			path = ML;
			sourceTree = "<group>";
		};
/* End PBXGroup section */

/* Begin PBXNativeTarget section */
		B75EAA8C215929D900CAD97B /* VisionApp */ = {
			isa = PBXNativeTarget;
			buildConfigurationList = B75EAA9F215929DD00CAD97B /* Build configuration list for PBXNativeTarget "VisionApp" */;
			buildPhases = (
				B75EAA89215929D900CAD97B /* Sources */,
				B75EAA8A215929D900CAD97B /* Frameworks */,
				B75EAA8B215929D900CAD97B /* Resources */,
			);
			buildRules = (
			);
			dependencies = (
			);
			name = VisionApp;
			productName = VisionApp;
			productReference = B75EAA8D215929D900CAD97B /* VisionApp.app */;
			productType = "com.apple.product-type.application";
		};
/* End PBXNativeTarget section */

/* Begin PBXProject section */
		B75EAA85215929D900CAD97B /* Project object */ = {
			isa = PBXProject;
			attributes = {
				LastSwiftUpdateCheck = 0930;
				LastUpgradeCheck = 0930;
				ORGANIZATIONNAME = "Teja PV";
				TargetAttributes = {
					B75EAA8C215929D900CAD97B = {
						CreatedOnToolsVersion = 9.3.1;
					};
				};
			};
			buildConfigurationList = B75EAA88215929D900CAD97B /* Build configuration list for PBXProject "VisionApp" */;
			compatibilityVersion = "Xcode 9.3";
			developmentRegion = en;
			hasScannedForEncodings = 0;
			knownRegions = (
				en,
				Base,
			);
			mainGroup = B75EAA84215929D900CAD97B;
			productRefGroup = B75EAA8E215929D900CAD97B /* Products */;
			projectDirPath = "";
			projectRoot = "";
			targets = (
				B75EAA8C215929D900CAD97B /* VisionApp */,
			);
		};
/* End PBXProject section */

/* Begin PBXResourcesBuildPhase section */
		B75EAA8B215929D900CAD97B /* Resources */ = {
			isa = PBXResourcesBuildPhase;
			buildActionMask = 2147483647;
			files = (
				B75EAA9B215929DD00CAD97B /* LaunchScreen.storyboard in Resources */,
				B75EAA98215929DD00CAD97B /* Assets.xcassets in Resources */,
				B75EAA96215929D900CAD97B /* Main.storyboard in Resources */,
			);
			runOnlyForDeploymentPostprocessing = 0;
		};
/* End PBXResourcesBuildPhase section */

/* Begin PBXSourcesBuildPhase section */
		B75EAA89215929D900CAD97B /* Sources */ = {
			isa = PBXSourcesBuildPhase;
			buildActionMask = 2147483647;
			files = (
				B75EAA93215929D900CAD97B /* CameraVC.swift in Sources */,
				B75EAAAD2159392C00CAD97B /* SqueezeNet.mlmodel in Sources */,
				B75EAA91215929D900CAD97B /* AppDelegate.swift in Sources */,
				B75EAAA621592D3500CAD97B /* RoundedShadowView.swift in Sources */,
				B75EAAA821592F0100CAD97B /* RoundedShadowButton.swift in Sources */,
				B75EAAAA21592F3200CAD97B /* RoundedShadowImageView.swift in Sources */,
			);
			runOnlyForDeploymentPostprocessing = 0;
		};
/* End PBXSourcesBuildPhase section */

/* Begin PBXVariantGroup section */
		B75EAA94215929D900CAD97B /* Main.storyboard */ = {
			isa = PBXVariantGroup;
			children = (
				B75EAA95215929D900CAD97B /* Base */,
			);
			name = Main.storyboard;
			sourceTree = "<group>";
		};
		B75EAA99215929DD00CAD97B /* LaunchScreen.storyboard */ = {
			isa = PBXVariantGroup;
			children = (
				B75EAA9A215929DD00CAD97B /* Base */,
			);
			name = LaunchScreen.storyboard;
			sourceTree = "<group>";
		};
/* End PBXVariantGroup section */

/* Begin XCBuildConfiguration section */
		B75EAA9D215929DD00CAD97B /* Debug */ = {
			isa = XCBuildConfiguration;
			buildSettings = {
				ALWAYS_SEARCH_USER_PATHS = NO;
				CLANG_ANALYZER_NONNULL = YES;
				CLANG_ANALYZER_NUMBER_OBJECT_CONVERSION = YES_AGGRESSIVE;
				CLANG_CXX_LANGUAGE_STANDARD = "gnu++14";
				CLANG_CXX_LIBRARY = "libc++";
				CLANG_ENABLE_MODULES = YES;
				CLANG_ENABLE_OBJC_ARC = YES;
				CLANG_ENABLE_OBJC_WEAK = YES;
				CLANG_WARN_BLOCK_CAPTURE_AUTORELEASING = YES;
				CLANG_WARN_BOOL_CONVERSION = YES;
				CLANG_WARN_COMMA = YES;
				CLANG_WARN_CONSTANT_CONVERSION = YES;
				CLANG_WARN_DEPRECATED_OBJC_IMPLEMENTATIONS = YES;
				CLANG_WARN_DIRECT_OBJC_ISA_USAGE = YES_ERROR;
				CLANG_WARN_DOCUMENTATION_COMMENTS = YES;
				CLANG_WARN_EMPTY_BODY = YES;
				CLANG_WARN_ENUM_CONVERSION = YES;
				CLANG_WARN_INFINITE_RECURSION = YES;
				CLANG_WARN_INT_CONVERSION = YES;
				CLANG_WARN_NON_LITERAL_NULL_CONVERSION = YES;
				CLANG_WARN_OBJC_IMPLICIT_RETAIN_SELF = YES;
				CLANG_WARN_OBJC_LITERAL_CONVERSION = YES;
				CLANG_WARN_OBJC_ROOT_CLASS = YES_ERROR;
				CLANG_WARN_RANGE_LOOP_ANALYSIS = YES;
				CLANG_WARN_STRICT_PROTOTYPES = YES;
				CLANG_WARN_SUSPICIOUS_MOVE = YES;
				CLANG_WARN_UNGUARDED_AVAILABILITY = YES_AGGRESSIVE;
				CLANG_WARN_UNREACHABLE_CODE = YES;
				CLANG_WARN__DUPLICATE_METHOD_MATCH = YES;
				CODE_SIGN_IDENTITY = "iPhone Developer";
				COPY_PHASE_STRIP = NO;
				DEBUG_INFORMATION_FORMAT = dwarf;
				ENABLE_STRICT_OBJC_MSGSEND = YES;
				ENABLE_TESTABILITY = YES;
				GCC_C_LANGUAGE_STANDARD = gnu11;
				GCC_DYNAMIC_NO_PIC = NO;
				GCC_NO_COMMON_BLOCKS = YES;
				GCC_OPTIMIZATION_LEVEL = 0;
				GCC_PREPROCESSOR_DEFINITIONS = (
					"DEBUG=1",
					"$(inherited)",
				);
				GCC_WARN_64_TO_32_BIT_CONVERSION = YES;
				GCC_WARN_ABOUT_RETURN_TYPE = YES_ERROR;
				GCC_WARN_UNDECLARED_SELECTOR = YES;
				GCC_WARN_UNINITIALIZED_AUTOS = YES_AGGRESSIVE;
				GCC_WARN_UNUSED_FUNCTION = YES;
				GCC_WARN_UNUSED_VARIABLE = YES;
				IPHONEOS_DEPLOYMENT_TARGET = 11.3;
				MTL_ENABLE_DEBUG_INFO = YES;
				ONLY_ACTIVE_ARCH = YES;
				SDKROOT = iphoneos;
				SWIFT_ACTIVE_COMPILATION_CONDITIONS = DEBUG;
				SWIFT_OPTIMIZATION_LEVEL = "-Onone";
			};
			name = Debug;
		};
		B75EAA9E215929DD00CAD97B /* Release */ = {
			isa = XCBuildConfiguration;
			buildSettings = {
				ALWAYS_SEARCH_USER_PATHS = NO;
				CLANG_ANALYZER_NONNULL = YES;
				CLANG_ANALYZER_NUMBER_OBJECT_CONVERSION = YES_AGGRESSIVE;
				CLANG_CXX_LANGUAGE_STANDARD = "gnu++14";
				CLANG_CXX_LIBRARY = "libc++";
				CLANG_ENABLE_MODULES = YES;
				CLANG_ENABLE_OBJC_ARC = YES;
				CLANG_ENABLE_OBJC_WEAK = YES;
				CLANG_WARN_BLOCK_CAPTURE_AUTORELEASING = YES;
				CLANG_WARN_BOOL_CONVERSION = YES;
				CLANG_WARN_COMMA = YES;
				CLANG_WARN_CONSTANT_CONVERSION = YES;
				CLANG_WARN_DEPRECATED_OBJC_IMPLEMENTATIONS = YES;
				CLANG_WARN_DIRECT_OBJC_ISA_USAGE = YES_ERROR;
				CLANG_WARN_DOCUMENTATION_COMMENTS = YES;
				CLANG_WARN_EMPTY_BODY = YES;
				CLANG_WARN_ENUM_CONVERSION = YES;
				CLANG_WARN_INFINITE_RECURSION = YES;
				CLANG_WARN_INT_CONVERSION = YES;
				CLANG_WARN_NON_LITERAL_NULL_CONVERSION = YES;
				CLANG_WARN_OBJC_IMPLICIT_RETAIN_SELF = YES;
				CLANG_WARN_OBJC_LITERAL_CONVERSION = YES;
				CLANG_WARN_OBJC_ROOT_CLASS = YES_ERROR;
				CLANG_WARN_RANGE_LOOP_ANALYSIS = YES;
				CLANG_WARN_STRICT_PROTOTYPES = YES;
				CLANG_WARN_SUSPICIOUS_MOVE = YES;
				CLANG_WARN_UNGUARDED_AVAILABILITY = YES_AGGRESSIVE;
				CLANG_WARN_UNREACHABLE_CODE = YES;
				CLANG_WARN__DUPLICATE_METHOD_MATCH = YES;
				CODE_SIGN_IDENTITY = "iPhone Developer";
				COPY_PHASE_STRIP = NO;
				DEBUG_INFORMATION_FORMAT = "dwarf-with-dsym";
				ENABLE_NS_ASSERTIONS = NO;
				ENABLE_STRICT_OBJC_MSGSEND = YES;
				GCC_C_LANGUAGE_STANDARD = gnu11;
				GCC_NO_COMMON_BLOCKS = YES;
				GCC_WARN_64_TO_32_BIT_CONVERSION = YES;
				GCC_WARN_ABOUT_RETURN_TYPE = YES_ERROR;
				GCC_WARN_UNDECLARED_SELECTOR = YES;
				GCC_WARN_UNINITIALIZED_AUTOS = YES_AGGRESSIVE;
				GCC_WARN_UNUSED_FUNCTION = YES;
				GCC_WARN_UNUSED_VARIABLE = YES;
				IPHONEOS_DEPLOYMENT_TARGET = 11.3;
				MTL_ENABLE_DEBUG_INFO = NO;
				SDKROOT = iphoneos;
				SWIFT_COMPILATION_MODE = wholemodule;
				SWIFT_OPTIMIZATION_LEVEL = "-O";
				VALIDATE_PRODUCT = YES;
			};
			name = Release;
		};
		B75EAAA0215929DD00CAD97B /* Debug */ = {
			isa = XCBuildConfiguration;
			buildSettings = {
				ASSETCATALOG_COMPILER_APPICON_NAME = AppIcon;
				CODE_SIGN_STYLE = Automatic;
				INFOPLIST_FILE = VisionApp/Info.plist;
				IPHONEOS_DEPLOYMENT_TARGET = 11.0;
				LD_RUNPATH_SEARCH_PATHS = (
					"$(inherited)",
					"@executable_path/Frameworks",
				);
				PRODUCT_BUNDLE_IDENTIFIER = com.Teja.VisionApp;
				PRODUCT_NAME = "$(TARGET_NAME)";
				SWIFT_VERSION = 4.0;
				TARGETED_DEVICE_FAMILY = "1,2";
			};
			name = Debug;
		};
		B75EAAA1215929DD00CAD97B /* Release */ = {
			isa = XCBuildConfiguration;
			buildSettings = {
				ASSETCATALOG_COMPILER_APPICON_NAME = AppIcon;
				CODE_SIGN_STYLE = Automatic;
				INFOPLIST_FILE = VisionApp/Info.plist;
				IPHONEOS_DEPLOYMENT_TARGET = 11.0;
				LD_RUNPATH_SEARCH_PATHS = (
					"$(inherited)",
					"@executable_path/Frameworks",
				);
				PRODUCT_BUNDLE_IDENTIFIER = com.Teja.VisionApp;
				PRODUCT_NAME = "$(TARGET_NAME)";
				SWIFT_VERSION = 4.0;
				TARGETED_DEVICE_FAMILY = "1,2";
			};
			name = Release;
		};
/* End XCBuildConfiguration section */

/* Begin XCConfigurationList section */
		B75EAA88215929D900CAD97B /* Build configuration list for PBXProject "VisionApp" */ = {
			isa = XCConfigurationList;
			buildConfigurations = (
				B75EAA9D215929DD00CAD97B /* Debug */,
				B75EAA9E215929DD00CAD97B /* Release */,
			);
			defaultConfigurationIsVisible = 0;
			defaultConfigurationName = Release;
		};
		B75EAA9F215929DD00CAD97B /* Build configuration list for PBXNativeTarget "VisionApp" */ = {
			isa = XCConfigurationList;
			buildConfigurations = (
				B75EAAA0215929DD00CAD97B /* Debug */,
				B75EAAA1215929DD00CAD97B /* Release */,
			);
			defaultConfigurationIsVisible = 0;
			defaultConfigurationName = Release;
		};
/* End XCConfigurationList section */
	};
	rootObject = B75EAA85215929D900CAD97B /* Project object */;
}
